
Microsoft Visual Studio Solution File, Format Version 12.00
# Visual Studio Version 17
VisualStudioVersion = 17.5.33627.172
MinimumVisualStudioVersion = 10.0.40219.1
Project("{FAE04EC0-301F-11D3-BF4B-00C04F79EFBC}") = "webprogramlamaodev", "webprogramlamaodev\webprogramlamaodev.csproj", "{F98DE3D2-F87F-486A-BAAC-EFDA460D2DAC}"
EndProject
Global
	GlobalSection(SolutionConfigurationPlatforms) = preSolution
		Debug|Any CPU = Debug|Any CPU
		Release|Any CPU = Release|Any CPU
	EndGlobalSection
	GlobalSection(ProjectConfigurationPlatforms) = postSolution
		{F98DE3D2-F87F-486A-BAAC-EFDA460D2DAC}.Debug|Any CPU.ActiveCfg = Debug|Any CPU
		{F98DE3D2-F87F-486A-BAAC-EFDA460D2DAC}.Debug|Any CPU.Build.0 = Debug|Any CPU
		{F98DE3D2-F87F-486A-BAAC-EFDA460D2DAC}.Release|Any CPU.ActiveCfg = Release|Any CPU
		{F98DE3D2-F87F-486A-BAAC-EFDA460D2DAC}.Release|Any CPU.Build.0 = Release|Any CPU
	EndGlobalSection
	GlobalSection(SolutionProperties) = preSolution
		HideSolutionNode = FALSE
	EndGlobalSection
	GlobalSection(ExtensibilityGlobals) = postSolution
		SolutionGuid = {ED3C91DA-5E0E-46C1-8ED2-53B015A85372}
	EndGlobalSection
EndGlobal
